
Microsoft Visual Studio Solution File, Format Version 12.00
# Visual Studio Version 16
VisualStudioVersion = 16.0.29209.62
MinimumVisualStudioVersion = 10.0.40219.1
Project("{FAE04EC0-301F-11D3-BF4B-00C04F79EFBC}") = "Monitor.ApiGateway.Web", "Monitor.ApiGateway.Web\Monitor.ApiGateway.Web.csproj", "{49C7A6DA-2A6A-4FD5-94E3-0C2161077449}"
EndProject
Project("{FAE04EC0-301F-11D3-BF4B-00C04F79EFBC}") = "Admin.Api", "Admin.Api\Admin.Api.csproj", "{7A9D8744-32A8-41E7-9205-C5D7E913AA06}"
EndProject
Project("{FAE04EC0-301F-11D3-BF4B-00C04F79EFBC}") = "Employee.Api", "Employee.Api\Employee.Api.csproj", "{5E066BAC-EA76-47C7-A866-54055FED848C}"
EndProject
Project("{FAE04EC0-301F-11D3-BF4B-00C04F79EFBC}") = "DefaultError.Api", "DefaultError.Api\DefaultError.Api.csproj", "{649E4B4B-0C7B-4325-B175-7BE7AFED0AD7}"
EndProject
Global
	GlobalSection(SolutionConfigurationPlatforms) = preSolution
		Debug|Any CPU = Debug|Any CPU
		Release|Any CPU = Release|Any CPU
	EndGlobalSection
	GlobalSection(ProjectConfigurationPlatforms) = postSolution
		{49C7A6DA-2A6A-4FD5-94E3-0C2161077449}.Debug|Any CPU.ActiveCfg = Debug|Any CPU
		{49C7A6DA-2A6A-4FD5-94E3-0C2161077449}.Debug|Any CPU.Build.0 = Debug|Any CPU
		{49C7A6DA-2A6A-4FD5-94E3-0C2161077449}.Release|Any CPU.ActiveCfg = Release|Any CPU
		{49C7A6DA-2A6A-4FD5-94E3-0C2161077449}.Release|Any CPU.Build.0 = Release|Any CPU
		{7A9D8744-32A8-41E7-9205-C5D7E913AA06}.Debug|Any CPU.ActiveCfg = Debug|Any CPU
		{7A9D8744-32A8-41E7-9205-C5D7E913AA06}.Debug|Any CPU.Build.0 = Debug|Any CPU
		{7A9D8744-32A8-41E7-9205-C5D7E913AA06}.Release|Any CPU.ActiveCfg = Release|Any CPU
		{7A9D8744-32A8-41E7-9205-C5D7E913AA06}.Release|Any CPU.Build.0 = Release|Any CPU
		{5E066BAC-EA76-47C7-A866-54055FED848C}.Debug|Any CPU.ActiveCfg = Debug|Any CPU
		{5E066BAC-EA76-47C7-A866-54055FED848C}.Debug|Any CPU.Build.0 = Debug|Any CPU
		{5E066BAC-EA76-47C7-A866-54055FED848C}.Release|Any CPU.ActiveCfg = Release|Any CPU
		{5E066BAC-EA76-47C7-A866-54055FED848C}.Release|Any CPU.Build.0 = Release|Any CPU
		{649E4B4B-0C7B-4325-B175-7BE7AFED0AD7}.Debug|Any CPU.ActiveCfg = Debug|Any CPU
		{649E4B4B-0C7B-4325-B175-7BE7AFED0AD7}.Debug|Any CPU.Build.0 = Debug|Any CPU
		{649E4B4B-0C7B-4325-B175-7BE7AFED0AD7}.Release|Any CPU.ActiveCfg = Release|Any CPU
		{649E4B4B-0C7B-4325-B175-7BE7AFED0AD7}.Release|Any CPU.Build.0 = Release|Any CPU
	EndGlobalSection
	GlobalSection(SolutionProperties) = preSolution
		HideSolutionNode = FALSE
	EndGlobalSection
	GlobalSection(ExtensibilityGlobals) = postSolution
		SolutionGuid = {E2630E20-E644-4F99-9F12-99197089A0D0}
	EndGlobalSection
EndGlobal
